
Microsoft Visual Studio Solution File, Format Version 12.00
# Visual Studio Version 17
VisualStudioVersion = 17.0.31611.283
MinimumVisualStudioVersion = 10.0.40219.1
Project("{9A19103F-16F7-4668-BE54-9A1E7A4F7556}") = "ventas", "ventas\ventas.csproj", "{5DCBDBFC-DA73-443A-943D-F0219E09EB9C}"
EndProject
Project("{9A19103F-16F7-4668-BE54-9A1E7A4F7556}") = "WSVentas", "WSVentas\WSVentas.csproj", "{00409615-99B7-44F4-909F-397107F94B7F}"
EndProject
Project("{00D1A9C2-B5F0-4AF3-8072-F6C62B433612}") = "DBVentas", "DBVentas\DBVentas.sqlproj", "{5ADD06EE-CA76-4F18-9E6F-DBF5ECC21F97}"
EndProject
Global
	GlobalSection(SolutionConfigurationPlatforms) = preSolution
		Debug|Any CPU = Debug|Any CPU
		Release|Any CPU = Release|Any CPU
	EndGlobalSection
	GlobalSection(ProjectConfigurationPlatforms) = postSolution
		{5DCBDBFC-DA73-443A-943D-F0219E09EB9C}.Debug|Any CPU.ActiveCfg = Debug|Any CPU
		{5DCBDBFC-DA73-443A-943D-F0219E09EB9C}.Debug|Any CPU.Build.0 = Debug|Any CPU
		{5DCBDBFC-DA73-443A-943D-F0219E09EB9C}.Debug|Any CPU.Deploy.0 = Debug|Any CPU
		{5DCBDBFC-DA73-443A-943D-F0219E09EB9C}.Release|Any CPU.ActiveCfg = Release|Any CPU
		{5DCBDBFC-DA73-443A-943D-F0219E09EB9C}.Release|Any CPU.Build.0 = Release|Any CPU
		{5DCBDBFC-DA73-443A-943D-F0219E09EB9C}.Release|Any CPU.Deploy.0 = Release|Any CPU
		{00409615-99B7-44F4-909F-397107F94B7F}.Debug|Any CPU.ActiveCfg = Debug|Any CPU
		{00409615-99B7-44F4-909F-397107F94B7F}.Debug|Any CPU.Build.0 = Debug|Any CPU
		{00409615-99B7-44F4-909F-397107F94B7F}.Release|Any CPU.ActiveCfg = Release|Any CPU
		{00409615-99B7-44F4-909F-397107F94B7F}.Release|Any CPU.Build.0 = Release|Any CPU
		{5ADD06EE-CA76-4F18-9E6F-DBF5ECC21F97}.Debug|Any CPU.ActiveCfg = Debug|Any CPU
		{5ADD06EE-CA76-4F18-9E6F-DBF5ECC21F97}.Debug|Any CPU.Build.0 = Debug|Any CPU
		{5ADD06EE-CA76-4F18-9E6F-DBF5ECC21F97}.Debug|Any CPU.Deploy.0 = Debug|Any CPU
		{5ADD06EE-CA76-4F18-9E6F-DBF5ECC21F97}.Release|Any CPU.ActiveCfg = Release|Any CPU
		{5ADD06EE-CA76-4F18-9E6F-DBF5ECC21F97}.Release|Any CPU.Build.0 = Release|Any CPU
		{5ADD06EE-CA76-4F18-9E6F-DBF5ECC21F97}.Release|Any CPU.Deploy.0 = Release|Any CPU
	EndGlobalSection
	GlobalSection(SolutionProperties) = preSolution
		HideSolutionNode = FALSE
	EndGlobalSection
	GlobalSection(ExtensibilityGlobals) = postSolution
		SolutionGuid = {61F7FB11-1E47-470C-91E2-47F8143E1572}
	EndGlobalSection
EndGlobal
